
Microsoft Visual Studio Solution File, Format Version 12.00
# Visual Studio Version 17
VisualStudioVersion = 17.10.35122.118
MinimumVisualStudioVersion = 10.0.40219.1
Project("{FAE04EC0-301F-11D3-BF4B-00C04F79EFBC}") = "StudentNotePad", "StudentNotePad\StudentNotePad.csproj", "{47B38368-921E-4A04-BA40-DE7399A06FAE}"
EndProject
Global
	GlobalSection(SolutionConfigurationPlatforms) = preSolution
		Debug|Any CPU = Debug|Any CPU
		Release|Any CPU = Release|Any CPU
	EndGlobalSection
	GlobalSection(ProjectConfigurationPlatforms) = postSolution
		{47B38368-921E-4A04-BA40-DE7399A06FAE}.Debug|Any CPU.ActiveCfg = Debug|Any CPU
		{47B38368-921E-4A04-BA40-DE7399A06FAE}.Debug|Any CPU.Build.0 = Debug|Any CPU
		{47B38368-921E-4A04-BA40-DE7399A06FAE}.Release|Any CPU.ActiveCfg = Release|Any CPU
		{47B38368-921E-4A04-BA40-DE7399A06FAE}.Release|Any CPU.Build.0 = Release|Any CPU
	EndGlobalSection
	GlobalSection(SolutionProperties) = preSolution
		HideSolutionNode = FALSE
	EndGlobalSection
	GlobalSection(ExtensibilityGlobals) = postSolution
		SolutionGuid = {AABE0F18-A0A1-48F9-B84F-F5A2F625D5BF}
	EndGlobalSection
EndGlobal
